
Microsoft Visual Studio Solution File, Format Version 12.00
# Visual Studio Version 17
VisualStudioVersion = 17.7.34009.444
MinimumVisualStudioVersion = 10.0.40219.1
Project("{FAE04EC0-301F-11D3-BF4B-00C04F79EFBC}") = "01Lambda", "01Lambda\01Lambda.csproj", "{45355518-AB55-4620-AF5F-7EB707C2B330}"
EndProject
Project("{FAE04EC0-301F-11D3-BF4B-00C04F79EFBC}") = "02Delegati", "02Delegati\02Delegati.csproj", "{6E2937F9-34AB-407A-908F-70B06A43470D}"
EndProject
Project("{FAE04EC0-301F-11D3-BF4B-00C04F79EFBC}") = "03Ekstenzije", "03Ekstenzije\03Ekstenzije.csproj", "{D749C82D-0E67-4341-A6CE-667A502F8A95}"
EndProject
Global
	GlobalSection(SolutionConfigurationPlatforms) = preSolution
		Debug|Any CPU = Debug|Any CPU
		Release|Any CPU = Release|Any CPU
	EndGlobalSection
	GlobalSection(ProjectConfigurationPlatforms) = postSolution
		{45355518-AB55-4620-AF5F-7EB707C2B330}.Debug|Any CPU.ActiveCfg = Debug|Any CPU
		{45355518-AB55-4620-AF5F-7EB707C2B330}.Debug|Any CPU.Build.0 = Debug|Any CPU
		{45355518-AB55-4620-AF5F-7EB707C2B330}.Release|Any CPU.ActiveCfg = Release|Any CPU
		{45355518-AB55-4620-AF5F-7EB707C2B330}.Release|Any CPU.Build.0 = Release|Any CPU
		{6E2937F9-34AB-407A-908F-70B06A43470D}.Debug|Any CPU.ActiveCfg = Debug|Any CPU
		{6E2937F9-34AB-407A-908F-70B06A43470D}.Debug|Any CPU.Build.0 = Debug|Any CPU
		{6E2937F9-34AB-407A-908F-70B06A43470D}.Release|Any CPU.ActiveCfg = Release|Any CPU
		{6E2937F9-34AB-407A-908F-70B06A43470D}.Release|Any CPU.Build.0 = Release|Any CPU
		{D749C82D-0E67-4341-A6CE-667A502F8A95}.Debug|Any CPU.ActiveCfg = Debug|Any CPU
		{D749C82D-0E67-4341-A6CE-667A502F8A95}.Debug|Any CPU.Build.0 = Debug|Any CPU
		{D749C82D-0E67-4341-A6CE-667A502F8A95}.Release|Any CPU.ActiveCfg = Release|Any CPU
		{D749C82D-0E67-4341-A6CE-667A502F8A95}.Release|Any CPU.Build.0 = Release|Any CPU
	EndGlobalSection
	GlobalSection(SolutionProperties) = preSolution
		HideSolutionNode = FALSE
	EndGlobalSection
	GlobalSection(ExtensibilityGlobals) = postSolution
		SolutionGuid = {774BCE96-C208-45D7-BEF5-390E170E21F2}
	EndGlobalSection
EndGlobal
