
Microsoft Visual Studio Solution File, Format Version 12.00
# Visual Studio Version 17
VisualStudioVersion = 17.5.33530.505
MinimumVisualStudioVersion = 10.0.40219.1
Project("{FAE04EC0-301F-11D3-BF4B-00C04F79EFBC}") = "E01KlasaObjekt", "E01KlasaObjekt\E01KlasaObjekt.csproj", "{D4690390-85EC-4546-BDEA-14026143BD2B}"
EndProject
Project("{FAE04EC0-301F-11D3-BF4B-00C04F79EFBC}") = "E02Ucahurivanje", "E02Ucahurivanje\E02Ucahurivanje.csproj", "{49E09984-3470-41D6-A738-FE078FF204B2}"
EndProject
Project("{FAE04EC0-301F-11D3-BF4B-00C04F79EFBC}") = "E03JednakostObjekata", "E03JednakostObjekata\E03JednakostObjekata.csproj", "{B579CFE2-76E6-4D62-B71D-D7FBA790A6C7}"
EndProject
Global
	GlobalSection(SolutionConfigurationPlatforms) = preSolution
		Debug|Any CPU = Debug|Any CPU
		Release|Any CPU = Release|Any CPU
	EndGlobalSection
	GlobalSection(ProjectConfigurationPlatforms) = postSolution
		{D4690390-85EC-4546-BDEA-14026143BD2B}.Debug|Any CPU.ActiveCfg = Debug|Any CPU
		{D4690390-85EC-4546-BDEA-14026143BD2B}.Debug|Any CPU.Build.0 = Debug|Any CPU
		{D4690390-85EC-4546-BDEA-14026143BD2B}.Release|Any CPU.ActiveCfg = Release|Any CPU
		{D4690390-85EC-4546-BDEA-14026143BD2B}.Release|Any CPU.Build.0 = Release|Any CPU
		{49E09984-3470-41D6-A738-FE078FF204B2}.Debug|Any CPU.ActiveCfg = Debug|Any CPU
		{49E09984-3470-41D6-A738-FE078FF204B2}.Debug|Any CPU.Build.0 = Debug|Any CPU
		{49E09984-3470-41D6-A738-FE078FF204B2}.Release|Any CPU.ActiveCfg = Release|Any CPU
		{49E09984-3470-41D6-A738-FE078FF204B2}.Release|Any CPU.Build.0 = Release|Any CPU
		{B579CFE2-76E6-4D62-B71D-D7FBA790A6C7}.Debug|Any CPU.ActiveCfg = Debug|Any CPU
		{B579CFE2-76E6-4D62-B71D-D7FBA790A6C7}.Debug|Any CPU.Build.0 = Debug|Any CPU
		{B579CFE2-76E6-4D62-B71D-D7FBA790A6C7}.Release|Any CPU.ActiveCfg = Release|Any CPU
		{B579CFE2-76E6-4D62-B71D-D7FBA790A6C7}.Release|Any CPU.Build.0 = Release|Any CPU
	EndGlobalSection
	GlobalSection(SolutionProperties) = preSolution
		HideSolutionNode = FALSE
	EndGlobalSection
	GlobalSection(ExtensibilityGlobals) = postSolution
		SolutionGuid = {516BF0FC-87E5-4D67-A7E0-959A9E0B05BB}
	EndGlobalSection
EndGlobal
