
Microsoft Visual Studio Solution File, Format Version 12.00
# Visual Studio Version 17
VisualStudioVersion = 17.7.34009.444
MinimumVisualStudioVersion = 10.0.40219.1
Project("{9A19103F-16F7-4668-BE54-9A1E7A4F7556}") = "HelloWorld", "HelloWorld\HelloWorld.csproj", "{4C42ACB3-7072-4901-AE58-C4959E3A9EBE}"
EndProject
Project("{FAE04EC0-301F-11D3-BF4B-00C04F79EFBC}") = "EdunovaApp", "EdunovaApp\EdunovaApp.csproj", "{3378579B-FDD6-4A86-874E-8F1C24ADF138}"
EndProject
Global
	GlobalSection(SolutionConfigurationPlatforms) = preSolution
		Debug|Any CPU = Debug|Any CPU
		Release|Any CPU = Release|Any CPU
	EndGlobalSection
	GlobalSection(ProjectConfigurationPlatforms) = postSolution
		{4C42ACB3-7072-4901-AE58-C4959E3A9EBE}.Debug|Any CPU.ActiveCfg = Debug|Any CPU
		{4C42ACB3-7072-4901-AE58-C4959E3A9EBE}.Debug|Any CPU.Build.0 = Debug|Any CPU
		{4C42ACB3-7072-4901-AE58-C4959E3A9EBE}.Release|Any CPU.ActiveCfg = Release|Any CPU
		{4C42ACB3-7072-4901-AE58-C4959E3A9EBE}.Release|Any CPU.Build.0 = Release|Any CPU
		{3378579B-FDD6-4A86-874E-8F1C24ADF138}.Debug|Any CPU.ActiveCfg = Debug|Any CPU
		{3378579B-FDD6-4A86-874E-8F1C24ADF138}.Debug|Any CPU.Build.0 = Debug|Any CPU
		{3378579B-FDD6-4A86-874E-8F1C24ADF138}.Release|Any CPU.ActiveCfg = Release|Any CPU
		{3378579B-FDD6-4A86-874E-8F1C24ADF138}.Release|Any CPU.Build.0 = Release|Any CPU
	EndGlobalSection
	GlobalSection(SolutionProperties) = preSolution
		HideSolutionNode = FALSE
	EndGlobalSection
	GlobalSection(ExtensibilityGlobals) = postSolution
		SolutionGuid = {A5DCE1C9-43B1-4AA7-86FA-A12C3C9CD86C}
	EndGlobalSection
EndGlobal
