
Microsoft Visual Studio Solution File, Format Version 12.00
# Visual Studio Version 17
VisualStudioVersion = 17.6.33723.286
MinimumVisualStudioVersion = 10.0.40219.1
Project("{9A19103F-16F7-4668-BE54-9A1E7A4F7556}") = "forpetlja zadaci", "forpetlja\forpetlja zadaci.csproj", "{5843BF33-A6A0-41BC-AEFB-51F3EC91E77E}"
EndProject
Project("{9A19103F-16F7-4668-BE54-9A1E7A4F7556}") = "zadaca 3", "zadaca\zadaca 3.csproj", "{5CAA8E53-C729-4A20-9A3A-CCC1185B99AC}"
EndProject
Global
	GlobalSection(SolutionConfigurationPlatforms) = preSolution
		Debug|Any CPU = Debug|Any CPU
		Release|Any CPU = Release|Any CPU
	EndGlobalSection
	GlobalSection(ProjectConfigurationPlatforms) = postSolution
		{5843BF33-A6A0-41BC-AEFB-51F3EC91E77E}.Debug|Any CPU.ActiveCfg = Debug|Any CPU
		{5843BF33-A6A0-41BC-AEFB-51F3EC91E77E}.Debug|Any CPU.Build.0 = Debug|Any CPU
		{5843BF33-A6A0-41BC-AEFB-51F3EC91E77E}.Release|Any CPU.ActiveCfg = Release|Any CPU
		{5843BF33-A6A0-41BC-AEFB-51F3EC91E77E}.Release|Any CPU.Build.0 = Release|Any CPU
		{5CAA8E53-C729-4A20-9A3A-CCC1185B99AC}.Debug|Any CPU.ActiveCfg = Debug|Any CPU
		{5CAA8E53-C729-4A20-9A3A-CCC1185B99AC}.Debug|Any CPU.Build.0 = Debug|Any CPU
		{5CAA8E53-C729-4A20-9A3A-CCC1185B99AC}.Release|Any CPU.ActiveCfg = Release|Any CPU
		{5CAA8E53-C729-4A20-9A3A-CCC1185B99AC}.Release|Any CPU.Build.0 = Release|Any CPU
	EndGlobalSection
	GlobalSection(SolutionProperties) = preSolution
		HideSolutionNode = FALSE
	EndGlobalSection
	GlobalSection(ExtensibilityGlobals) = postSolution
		SolutionGuid = {32EB51EA-3673-4C6B-9A04-DE413D33C722}
	EndGlobalSection
EndGlobal
